// !$*UTF8*$!
{
	archiveVersion = 1;
	classes = {
	};
	objectVersion = 46;
	objects = {

/* Begin PBXBuildFile section */
		C4145FC015BC5A1A000D4CE5 /* UIKit.framework in Frameworks */ = {isa = PBXBuildFile; fileRef = C4145FBF15BC5A1A000D4CE5 /* UIKit.framework */; };
		C4145FC215BC5A1A000D4CE5 /* Foundation.framework in Frameworks */ = {isa = PBXBuildFile; fileRef = C4145FC115BC5A1A000D4CE5 /* Foundation.framework */; };
		C4145FC415BC5A1A000D4CE5 /* CoreGraphics.framework in Frameworks */ = {isa = PBXBuildFile; fileRef = C4145FC315BC5A1A000D4CE5 /* CoreGraphics.framework */; };
		C4145FCA15BC5A1A000D4CE5 /* InfoPlist.strings in Resources */ = {isa = PBXBuildFile; fileRef = C4145FC815BC5A1A000D4CE5 /* InfoPlist.strings */; };
		C4145FCC15BC5A1A000D4CE5 /* main.m in Sources */ = {isa = PBXBuildFile; fileRef = C4145FCB15BC5A1A000D4CE5 /* main.m */; };
		C4145FD015BC5A1A000D4CE5 /* AppDelegate.m in Sources */ = {isa = PBXBuildFile; fileRef = C4145FCF15BC5A1A000D4CE5 /* AppDelegate.m */; };
		C4145FD315BC5A1A000D4CE5 /* MainStoryboard.storyboard in Resources */ = {isa = PBXBuildFile; fileRef = C4145FD115BC5A1A000D4CE5 /* MainStoryboard.storyboard */; };
		C4B5228F15BC63640073F41E /* MenuViewController.m in Sources */ = {isa = PBXBuildFile; fileRef = C4B5228D15BC63640073F41E /* MenuViewController.m */; };
		C4B5229515BC64520073F41E /* HomeViewController.m in Sources */ = {isa = PBXBuildFile; fileRef = C4B5229315BC64520073F41E /* HomeViewController.m */; };
		C4B5229815BC65850073F41E /* HomeViewController.xib in Resources */ = {isa = PBXBuildFile; fileRef = C4B5229715BC65850073F41E /* HomeViewController.xib */; };
/* End PBXBuildFile section */

/* Begin PBXFileReference section */
		C4145FBB15BC5A19000D4CE5 /* SwipeSide.app */ = {isa = PBXFileReference; explicitFileType = wrapper.application; includeInIndex = 0; path = SwipeSide.app; sourceTree = BUILT_PRODUCTS_DIR; };
		C4145FBF15BC5A1A000D4CE5 /* UIKit.framework */ = {isa = PBXFileReference; lastKnownFileType = wrapper.framework; name = UIKit.framework; path = System/Library/Frameworks/UIKit.framework; sourceTree = SDKROOT; };
		C4145FC115BC5A1A000D4CE5 /* Foundation.framework */ = {isa = PBXFileReference; lastKnownFileType = wrapper.framework; name = Foundation.framework; path = System/Library/Frameworks/Foundation.framework; sourceTree = SDKROOT; };
		C4145FC315BC5A1A000D4CE5 /* CoreGraphics.framework */ = {isa = PBXFileReference; lastKnownFileType = wrapper.framework; name = CoreGraphics.framework; path = System/Library/Frameworks/CoreGraphics.framework; sourceTree = SDKROOT; };
		C4145FC715BC5A1A000D4CE5 /* SwipeSide-Info.plist */ = {isa = PBXFileReference; lastKnownFileType = text.plist.xml; path = "SwipeSide-Info.plist"; sourceTree = "<group>"; };
		C4145FC915BC5A1A000D4CE5 /* en */ = {isa = PBXFileReference; lastKnownFileType = text.plist.strings; name = en; path = en.lproj/InfoPlist.strings; sourceTree = "<group>"; };
		C4145FCB15BC5A1A000D4CE5 /* main.m */ = {isa = PBXFileReference; lastKnownFileType = sourcecode.c.objc; path = main.m; sourceTree = "<group>"; };
		C4145FCD15BC5A1A000D4CE5 /* SwipeSide-Prefix.pch */ = {isa = PBXFileReference; lastKnownFileType = sourcecode.c.h; path = "SwipeSide-Prefix.pch"; sourceTree = "<group>"; };
		C4145FCE15BC5A1A000D4CE5 /* AppDelegate.h */ = {isa = PBXFileReference; lastKnownFileType = sourcecode.c.h; path = AppDelegate.h; sourceTree = "<group>"; };
		C4145FCF15BC5A1A000D4CE5 /* AppDelegate.m */ = {isa = PBXFileReference; lastKnownFileType = sourcecode.c.objc; path = AppDelegate.m; sourceTree = "<group>"; };
		C4145FD215BC5A1A000D4CE5 /* en */ = {isa = PBXFileReference; lastKnownFileType = file.storyboard; name = en; path = en.lproj/MainStoryboard.storyboard; sourceTree = "<group>"; };
		C4B5228C15BC63640073F41E /* MenuViewController.h */ = {isa = PBXFileReference; fileEncoding = 4; lastKnownFileType = sourcecode.c.h; path = MenuViewController.h; sourceTree = "<group>"; };
		C4B5228D15BC63640073F41E /* MenuViewController.m */ = {isa = PBXFileReference; fileEncoding = 4; lastKnownFileType = sourcecode.c.objc; path = MenuViewController.m; sourceTree = "<group>"; };
		C4B5229215BC64520073F41E /* HomeViewController.h */ = {isa = PBXFileReference; fileEncoding = 4; lastKnownFileType = sourcecode.c.h; path = HomeViewController.h; sourceTree = "<group>"; };
		C4B5229315BC64520073F41E /* HomeViewController.m */ = {isa = PBXFileReference; fileEncoding = 4; lastKnownFileType = sourcecode.c.objc; path = HomeViewController.m; sourceTree = "<group>"; };
		C4B5229715BC65850073F41E /* HomeViewController.xib */ = {isa = PBXFileReference; fileEncoding = 4; lastKnownFileType = file.xib; path = HomeViewController.xib; sourceTree = "<group>"; };
/* End PBXFileReference section */

/* Begin PBXFrameworksBuildPhase section */
		C4145FB815BC5A19000D4CE5 /* Frameworks */ = {
			isa = PBXFrameworksBuildPhase;
			buildActionMask = 2147483647;
			files = (
				C4145FC015BC5A1A000D4CE5 /* UIKit.framework in Frameworks */,
				C4145FC215BC5A1A000D4CE5 /* Foundation.framework in Frameworks */,
				C4145FC415BC5A1A000D4CE5 /* CoreGraphics.framework in Frameworks */,
			);
			runOnlyForDeploymentPostprocessing = 0;
		};
/* End PBXFrameworksBuildPhase section */

/* Begin PBXGroup section */
		C4145FB015BC5A19000D4CE5 = {
			isa = PBXGroup;
			children = (
				C4145FC515BC5A1A000D4CE5 /* SwipeSide */,
				C4145FBE15BC5A1A000D4CE5 /* Frameworks */,
				C4145FBC15BC5A19000D4CE5 /* Products */,
			);
			sourceTree = "<group>";
		};
		C4145FBC15BC5A19000D4CE5 /* Products */ = {
			isa = PBXGroup;
			children = (
				C4145FBB15BC5A19000D4CE5 /* SwipeSide.app */,
			);
			name = Products;
			sourceTree = "<group>";
		};
		C4145FBE15BC5A1A000D4CE5 /* Frameworks */ = {
			isa = PBXGroup;
			children = (
				C4145FBF15BC5A1A000D4CE5 /* UIKit.framework */,
				C4145FC115BC5A1A000D4CE5 /* Foundation.framework */,
				C4145FC315BC5A1A000D4CE5 /* CoreGraphics.framework */,
			);
			name = Frameworks;
			sourceTree = "<group>";
		};
		C4145FC515BC5A1A000D4CE5 /* SwipeSide */ = {
			isa = PBXGroup;
			children = (
				C4145FCE15BC5A1A000D4CE5 /* AppDelegate.h */,
				C4145FCF15BC5A1A000D4CE5 /* AppDelegate.m */,
				C4145FD115BC5A1A000D4CE5 /* MainStoryboard.storyboard */,
				C4145FC615BC5A1A000D4CE5 /* Supporting Files */,
				C4B5228C15BC63640073F41E /* MenuViewController.h */,
				C4B5228D15BC63640073F41E /* MenuViewController.m */,
				C4B5229215BC64520073F41E /* HomeViewController.h */,
				C4B5229315BC64520073F41E /* HomeViewController.m */,
				C4B5229715BC65850073F41E /* HomeViewController.xib */,
			);
			path = SwipeSide;
			sourceTree = "<group>";
		};
		C4145FC615BC5A1A000D4CE5 /* Supporting Files */ = {
			isa = PBXGroup;
			children = (
				C4145FC715BC5A1A000D4CE5 /* SwipeSide-Info.plist */,
				C4145FC815BC5A1A000D4CE5 /* InfoPlist.strings */,
				C4145FCB15BC5A1A000D4CE5 /* main.m */,
				C4145FCD15BC5A1A000D4CE5 /* SwipeSide-Prefix.pch */,
			);
			name = "Supporting Files";
			sourceTree = "<group>";
		};
/* End PBXGroup section */

/* Begin PBXNativeTarget section */
		C4145FBA15BC5A19000D4CE5 /* SwipeSide */ = {
			isa = PBXNativeTarget;
			buildConfigurationList = C4145FD915BC5A1A000D4CE5 /* Build configuration list for PBXNativeTarget "SwipeSide" */;
			buildPhases = (
				C4145FB715BC5A19000D4CE5 /* Sources */,
				C4145FB815BC5A19000D4CE5 /* Frameworks */,
				C4145FB915BC5A19000D4CE5 /* Resources */,
			);
			buildRules = (
			);
			dependencies = (
			);
			name = SwipeSide;
			productName = SwipeSide;
			productReference = C4145FBB15BC5A19000D4CE5 /* SwipeSide.app */;
			productType = "com.apple.product-type.application";
		};
/* End PBXNativeTarget section */

/* Begin PBXProject section */
		C4145FB215BC5A19000D4CE5 /* Project object */ = {
			isa = PBXProject;
			attributes = {
				LastUpgradeCheck = 0430;
				ORGANIZATIONNAME = huangyifeng;
			};
			buildConfigurationList = C4145FB515BC5A19000D4CE5 /* Build configuration list for PBXProject "SwipeSide" */;
			compatibilityVersion = "Xcode 3.2";
			developmentRegion = English;
			hasScannedForEncodings = 0;
			knownRegions = (
				en,
			);
			mainGroup = C4145FB015BC5A19000D4CE5;
			productRefGroup = C4145FBC15BC5A19000D4CE5 /* Products */;
			projectDirPath = "";
			projectRoot = "";
			targets = (
				C4145FBA15BC5A19000D4CE5 /* SwipeSide */,
			);
		};
/* End PBXProject section */

/* Begin PBXResourcesBuildPhase section */
		C4145FB915BC5A19000D4CE5 /* Resources */ = {
			isa = PBXResourcesBuildPhase;
			buildActionMask = 2147483647;
			files = (
				C4145FCA15BC5A1A000D4CE5 /* InfoPlist.strings in Resources */,
				C4145FD315BC5A1A000D4CE5 /* MainStoryboard.storyboard in Resources */,
				C4B5229815BC65850073F41E /* HomeViewController.xib in Resources */,
			);
			runOnlyForDeploymentPostprocessing = 0;
		};
/* End PBXResourcesBuildPhase section */

/* Begin PBXSourcesBuildPhase section */
		C4145FB715BC5A19000D4CE5 /* Sources */ = {
			isa = PBXSourcesBuildPhase;
			buildActionMask = 2147483647;
			files = (
				C4145FCC15BC5A1A000D4CE5 /* main.m in Sources */,
				C4145FD015BC5A1A000D4CE5 /* AppDelegate.m in Sources */,
				C4B5228F15BC63640073F41E /* MenuViewController.m in Sources */,
				C4B5229515BC64520073F41E /* HomeViewController.m in Sources */,
			);
			runOnlyForDeploymentPostprocessing = 0;
		};
/* End PBXSourcesBuildPhase section */

/* Begin PBXVariantGroup section */
		C4145FC815BC5A1A000D4CE5 /* InfoPlist.strings */ = {
			isa = PBXVariantGroup;
			children = (
				C4145FC915BC5A1A000D4CE5 /* en */,
			);
			name = InfoPlist.strings;
			sourceTree = "<group>";
		};
		C4145FD115BC5A1A000D4CE5 /* MainStoryboard.storyboard */ = {
			isa = PBXVariantGroup;
			children = (
				C4145FD215BC5A1A000D4CE5 /* en */,
			);
			name = MainStoryboard.storyboard;
			sourceTree = "<group>";
		};
/* End PBXVariantGroup section */

/* Begin XCBuildConfiguration section */
		C4145FD715BC5A1A000D4CE5 /* Debug */ = {
			isa = XCBuildConfiguration;
			buildSettings = {
				ALWAYS_SEARCH_USER_PATHS = NO;
				ARCHS = "$(ARCHS_STANDARD_32_BIT)";
				CLANG_ENABLE_OBJC_ARC = YES;
				"CODE_SIGN_IDENTITY[sdk=iphoneos*]" = "iPhone Developer";
				COPY_PHASE_STRIP = NO;
				GCC_C_LANGUAGE_STANDARD = gnu99;
				GCC_DYNAMIC_NO_PIC = NO;
				GCC_OPTIMIZATION_LEVEL = 0;
				GCC_PREPROCESSOR_DEFINITIONS = (
					"DEBUG=1",
					"$(inherited)",
				);
				GCC_SYMBOLS_PRIVATE_EXTERN = NO;
				GCC_VERSION = com.apple.compilers.llvm.clang.1_0;
				GCC_WARN_ABOUT_RETURN_TYPE = YES;
				GCC_WARN_UNINITIALIZED_AUTOS = YES;
				GCC_WARN_UNUSED_VARIABLE = YES;
				IPHONEOS_DEPLOYMENT_TARGET = 5.1;
				SDKROOT = iphoneos;
			};
			name = Debug;
		};
		C4145FD815BC5A1A000D4CE5 /* Release */ = {
			isa = XCBuildConfiguration;
			buildSettings = {
				ALWAYS_SEARCH_USER_PATHS = NO;
				ARCHS = "$(ARCHS_STANDARD_32_BIT)";
				CLANG_ENABLE_OBJC_ARC = YES;
				"CODE_SIGN_IDENTITY[sdk=iphoneos*]" = "iPhone Developer";
				COPY_PHASE_STRIP = YES;
				GCC_C_LANGUAGE_STANDARD = gnu99;
				GCC_VERSION = com.apple.compilers.llvm.clang.1_0;
				GCC_WARN_ABOUT_RETURN_TYPE = YES;
				GCC_WARN_UNINITIALIZED_AUTOS = YES;
				GCC_WARN_UNUSED_VARIABLE = YES;
				IPHONEOS_DEPLOYMENT_TARGET = 5.1;
				OTHER_CFLAGS = "-DNS_BLOCK_ASSERTIONS=1";
				SDKROOT = iphoneos;
				VALIDATE_PRODUCT = YES;
			};
			name = Release;
		};
		C4145FDA15BC5A1A000D4CE5 /* Debug */ = {
			isa = XCBuildConfiguration;
			buildSettings = {
				GCC_PRECOMPILE_PREFIX_HEADER = YES;
				GCC_PREFIX_HEADER = "SwipeSide/SwipeSide-Prefix.pch";
				INFOPLIST_FILE = "SwipeSide/SwipeSide-Info.plist";
				PRODUCT_NAME = "$(TARGET_NAME)";
				WRAPPER_EXTENSION = app;
			};
			name = Debug;
		};
		C4145FDB15BC5A1A000D4CE5 /* Release */ = {
			isa = XCBuildConfiguration;
			buildSettings = {
				GCC_PRECOMPILE_PREFIX_HEADER = YES;
				GCC_PREFIX_HEADER = "SwipeSide/SwipeSide-Prefix.pch";
				INFOPLIST_FILE = "SwipeSide/SwipeSide-Info.plist";
				PRODUCT_NAME = "$(TARGET_NAME)";
				WRAPPER_EXTENSION = app;
			};
			name = Release;
		};
/* End XCBuildConfiguration section */

/* Begin XCConfigurationList section */
		C4145FB515BC5A19000D4CE5 /* Build configuration list for PBXProject "SwipeSide" */ = {
			isa = XCConfigurationList;
			buildConfigurations = (
				C4145FD715BC5A1A000D4CE5 /* Debug */,
				C4145FD815BC5A1A000D4CE5 /* Release */,
			);
			defaultConfigurationIsVisible = 0;
			defaultConfigurationName = Release;
		};
		C4145FD915BC5A1A000D4CE5 /* Build configuration list for PBXNativeTarget "SwipeSide" */ = {
			isa = XCConfigurationList;
			buildConfigurations = (
				C4145FDA15BC5A1A000D4CE5 /* Debug */,
				C4145FDB15BC5A1A000D4CE5 /* Release */,
			);
			defaultConfigurationIsVisible = 0;
			defaultConfigurationName = Release;
		};
/* End XCConfigurationList section */
	};
	rootObject = C4145FB215BC5A19000D4CE5 /* Project object */;
}
